// !$*UTF8*$!
{
	archiveVersion = 1;
	classes = {
	};
	objectVersion = 46;
	objects = {

/* Begin PBXBuildFile section */
		E7BD57B21CFC4DF2008F2D69 /* LTZLocalizationManager.m in Sources */ = {isa = PBXBuildFile; fileRef = E7BD57B01CFC4DF2008F2D69 /* LTZLocalizationManager.m */; };
		E7BD57BB1CFD7D64008F2D69 /* NSObject+localization.m in Sources */ = {isa = PBXBuildFile; fileRef = E7BD57BA1CFD7D64008F2D69 /* NSObject+localization.m */; };
		E7E8A3671CFC4AEB002A381A /* main.m in Sources */ = {isa = PBXBuildFile; fileRef = E7E8A3661CFC4AEB002A381A /* main.m */; };
		E7E8A36A1CFC4AEB002A381A /* AppDelegate.m in Sources */ = {isa = PBXBuildFile; fileRef = E7E8A3691CFC4AEB002A381A /* AppDelegate.m */; };
		E7E8A36D1CFC4AEB002A381A /* ViewController.m in Sources */ = {isa = PBXBuildFile; fileRef = E7E8A36C1CFC4AEB002A381A /* ViewController.m */; };
		E7E8A3701CFC4AEB002A381A /* Main.storyboard in Resources */ = {isa = PBXBuildFile; fileRef = E7E8A36E1CFC4AEB002A381A /* Main.storyboard */; };
		E7E8A3731CFC4AEB002A381A /* LTZLocalizationKitDemo.xcdatamodeld in Sources */ = {isa = PBXBuildFile; fileRef = E7E8A3711CFC4AEB002A381A /* LTZLocalizationKitDemo.xcdatamodeld */; };
		E7E8A3751CFC4AEB002A381A /* Assets.xcassets in Resources */ = {isa = PBXBuildFile; fileRef = E7E8A3741CFC4AEB002A381A /* Assets.xcassets */; };
		E7E8A3781CFC4AEB002A381A /* LaunchScreen.storyboard in Resources */ = {isa = PBXBuildFile; fileRef = E7E8A3761CFC4AEB002A381A /* LaunchScreen.storyboard */; };
/* End PBXBuildFile section */

/* Begin PBXFileReference section */
		E7BD57AE1CFC4DF2008F2D69 /* LTZLocalizationKit.h */ = {isa = PBXFileReference; fileEncoding = 4; lastKnownFileType = sourcecode.c.h; path = LTZLocalizationKit.h; sourceTree = "<group>"; };
		E7BD57AF1CFC4DF2008F2D69 /* LTZLocalizationManager.h */ = {isa = PBXFileReference; fileEncoding = 4; lastKnownFileType = sourcecode.c.h; path = LTZLocalizationManager.h; sourceTree = "<group>"; };
		E7BD57B01CFC4DF2008F2D69 /* LTZLocalizationManager.m */ = {isa = PBXFileReference; fileEncoding = 4; lastKnownFileType = sourcecode.c.objc; path = LTZLocalizationManager.m; sourceTree = "<group>"; };
		E7BD57B31CFC5310008F2D69 /* zh-Hans */ = {isa = PBXFileReference; lastKnownFileType = text.plist.strings; name = "zh-Hans"; path = "zh-Hans.lproj/Main.strings"; sourceTree = "<group>"; };
		E7BD57B41CFC5310008F2D69 /* zh-Hans */ = {isa = PBXFileReference; lastKnownFileType = text.plist.strings; name = "zh-Hans"; path = "zh-Hans.lproj/LaunchScreen.strings"; sourceTree = "<group>"; };
		E7BD57B51CFC5317008F2D69 /* zh-Hant */ = {isa = PBXFileReference; lastKnownFileType = text.plist.strings; name = "zh-Hant"; path = "zh-Hant.lproj/Main.strings"; sourceTree = "<group>"; };
		E7BD57B61CFC5317008F2D69 /* zh-Hant */ = {isa = PBXFileReference; lastKnownFileType = text.plist.strings; name = "zh-Hant"; path = "zh-Hant.lproj/LaunchScreen.strings"; sourceTree = "<group>"; };
		E7BD57B81CFC60CB008F2D69 /* en */ = {isa = PBXFileReference; lastKnownFileType = text.plist.strings; name = en; path = en.lproj/Main.strings; sourceTree = "<group>"; };
		E7BD57B91CFD7D64008F2D69 /* NSObject+localization.h */ = {isa = PBXFileReference; fileEncoding = 4; lastKnownFileType = sourcecode.c.h; path = "NSObject+localization.h"; sourceTree = "<group>"; };
		E7BD57BA1CFD7D64008F2D69 /* NSObject+localization.m */ = {isa = PBXFileReference; fileEncoding = 4; lastKnownFileType = sourcecode.c.objc; path = "NSObject+localization.m"; sourceTree = "<group>"; };
		E7E8A3621CFC4AEB002A381A /* LTZLocalizationKitDemo.app */ = {isa = PBXFileReference; explicitFileType = wrapper.application; includeInIndex = 0; path = LTZLocalizationKitDemo.app; sourceTree = BUILT_PRODUCTS_DIR; };
		E7E8A3661CFC4AEB002A381A /* main.m */ = {isa = PBXFileReference; lastKnownFileType = sourcecode.c.objc; path = main.m; sourceTree = "<group>"; };
		E7E8A3681CFC4AEB002A381A /* AppDelegate.h */ = {isa = PBXFileReference; lastKnownFileType = sourcecode.c.h; path = AppDelegate.h; sourceTree = "<group>"; };
		E7E8A3691CFC4AEB002A381A /* AppDelegate.m */ = {isa = PBXFileReference; lastKnownFileType = sourcecode.c.objc; path = AppDelegate.m; sourceTree = "<group>"; };
		E7E8A36B1CFC4AEB002A381A /* ViewController.h */ = {isa = PBXFileReference; lastKnownFileType = sourcecode.c.h; path = ViewController.h; sourceTree = "<group>"; };
		E7E8A36C1CFC4AEB002A381A /* ViewController.m */ = {isa = PBXFileReference; lastKnownFileType = sourcecode.c.objc; path = ViewController.m; sourceTree = "<group>"; };
		E7E8A36F1CFC4AEB002A381A /* Base */ = {isa = PBXFileReference; lastKnownFileType = file.storyboard; name = Base; path = Base.lproj/Main.storyboard; sourceTree = "<group>"; };
		E7E8A3721CFC4AEB002A381A /* LTZLocalizationKitDemo.xcdatamodel */ = {isa = PBXFileReference; lastKnownFileType = wrapper.xcdatamodel; path = LTZLocalizationKitDemo.xcdatamodel; sourceTree = "<group>"; };
		E7E8A3741CFC4AEB002A381A /* Assets.xcassets */ = {isa = PBXFileReference; lastKnownFileType = folder.assetcatalog; path = Assets.xcassets; sourceTree = "<group>"; };
		E7E8A3771CFC4AEB002A381A /* Base */ = {isa = PBXFileReference; lastKnownFileType = file.storyboard; name = Base; path = Base.lproj/LaunchScreen.storyboard; sourceTree = "<group>"; };
		E7E8A3791CFC4AEB002A381A /* Info.plist */ = {isa = PBXFileReference; lastKnownFileType = text.plist.xml; path = Info.plist; sourceTree = "<group>"; };
/* End PBXFileReference section */

/* Begin PBXFrameworksBuildPhase section */
		E7E8A35F1CFC4AEB002A381A /* Frameworks */ = {
			isa = PBXFrameworksBuildPhase;
			buildActionMask = 2147483647;
			files = (
			);
			runOnlyForDeploymentPostprocessing = 0;
		};
/* End PBXFrameworksBuildPhase section */

/* Begin PBXGroup section */
		E7BD57AD1CFC4DF2008F2D69 /* Classes */ = {
			isa = PBXGroup;
			children = (
				E7BD57AE1CFC4DF2008F2D69 /* LTZLocalizationKit.h */,
				E7BD57AF1CFC4DF2008F2D69 /* LTZLocalizationManager.h */,
				E7BD57B01CFC4DF2008F2D69 /* LTZLocalizationManager.m */,
				E7BD57B91CFD7D64008F2D69 /* NSObject+localization.h */,
				E7BD57BA1CFD7D64008F2D69 /* NSObject+localization.m */,
			);
			name = Classes;
			path = ../Classes;
			sourceTree = "<group>";
		};
		E7BD57B11CFC4DF2008F2D69 /* Assets */ = {
			isa = PBXGroup;
			children = (
			);
			name = Assets;
			path = ../Assets;
			sourceTree = "<group>";
		};
		E7E8A3591CFC4AEB002A381A = {
			isa = PBXGroup;
			children = (
				E7BD57AD1CFC4DF2008F2D69 /* Classes */,
				E7BD57B11CFC4DF2008F2D69 /* Assets */,
				E7E8A3641CFC4AEB002A381A /* LTZLocalizationKitDemo */,
				E7E8A3631CFC4AEB002A381A /* Products */,
			);
			sourceTree = "<group>";
		};
		E7E8A3631CFC4AEB002A381A /* Products */ = {
			isa = PBXGroup;
			children = (
				E7E8A3621CFC4AEB002A381A /* LTZLocalizationKitDemo.app */,
			);
			name = Products;
			sourceTree = "<group>";
		};
		E7E8A3641CFC4AEB002A381A /* LTZLocalizationKitDemo */ = {
			isa = PBXGroup;
			children = (
				E7E8A3681CFC4AEB002A381A /* AppDelegate.h */,
				E7E8A3691CFC4AEB002A381A /* AppDelegate.m */,
				E7E8A36B1CFC4AEB002A381A /* ViewController.h */,
				E7E8A36C1CFC4AEB002A381A /* ViewController.m */,
				E7E8A36E1CFC4AEB002A381A /* Main.storyboard */,
				E7E8A3741CFC4AEB002A381A /* Assets.xcassets */,
				E7E8A3761CFC4AEB002A381A /* LaunchScreen.storyboard */,
				E7E8A3791CFC4AEB002A381A /* Info.plist */,
				E7E8A3711CFC4AEB002A381A /* LTZLocalizationKitDemo.xcdatamodeld */,
				E7E8A3651CFC4AEB002A381A /* Supporting Files */,
			);
			path = LTZLocalizationKitDemo;
			sourceTree = "<group>";
		};
		E7E8A3651CFC4AEB002A381A /* Supporting Files */ = {
			isa = PBXGroup;
			children = (
				E7E8A3661CFC4AEB002A381A /* main.m */,
			);
			name = "Supporting Files";
			sourceTree = "<group>";
		};
/* End PBXGroup section */

/* Begin PBXNativeTarget section */
		E7E8A3611CFC4AEB002A381A /* LTZLocalizationKitDemo */ = {
			isa = PBXNativeTarget;
			buildConfigurationList = E7E8A37C1CFC4AEB002A381A /* Build configuration list for PBXNativeTarget "LTZLocalizationKitDemo" */;
			buildPhases = (
				E7E8A35E1CFC4AEB002A381A /* Sources */,
				E7E8A35F1CFC4AEB002A381A /* Frameworks */,
				E7E8A3601CFC4AEB002A381A /* Resources */,
			);
			buildRules = (
			);
			dependencies = (
			);
			name = LTZLocalizationKitDemo;
			productName = LTZLocalizationKitDemo;
			productReference = E7E8A3621CFC4AEB002A381A /* LTZLocalizationKitDemo.app */;
			productType = "com.apple.product-type.application";
		};
/* End PBXNativeTarget section */

/* Begin PBXProject section */
		E7E8A35A1CFC4AEB002A381A /* Project object */ = {
			isa = PBXProject;
			attributes = {
				LastUpgradeCheck = 0730;
				ORGANIZATIONNAME = "Peter Lee";
				TargetAttributes = {
					E7E8A3611CFC4AEB002A381A = {
						CreatedOnToolsVersion = 7.3.1;
					};
				};
			};
			buildConfigurationList = E7E8A35D1CFC4AEB002A381A /* Build configuration list for PBXProject "LTZLocalizationKitDemo" */;
			compatibilityVersion = "Xcode 3.2";
			developmentRegion = English;
			hasScannedForEncodings = 0;
			knownRegions = (
				en,
				Base,
			);
			mainGroup = E7E8A3591CFC4AEB002A381A;
			productRefGroup = E7E8A3631CFC4AEB002A381A /* Products */;
			projectDirPath = "";
			projectRoot = "";
			targets = (
				E7E8A3611CFC4AEB002A381A /* LTZLocalizationKitDemo */,
			);
		};
/* End PBXProject section */

/* Begin PBXResourcesBuildPhase section */
		E7E8A3601CFC4AEB002A381A /* Resources */ = {
			isa = PBXResourcesBuildPhase;
			buildActionMask = 2147483647;
			files = (
				E7E8A3781CFC4AEB002A381A /* LaunchScreen.storyboard in Resources */,
				E7E8A3751CFC4AEB002A381A /* Assets.xcassets in Resources */,
				E7E8A3701CFC4AEB002A381A /* Main.storyboard in Resources */,
			);
			runOnlyForDeploymentPostprocessing = 0;
		};
/* End PBXResourcesBuildPhase section */

/* Begin PBXSourcesBuildPhase section */
		E7E8A35E1CFC4AEB002A381A /* Sources */ = {
			isa = PBXSourcesBuildPhase;
			buildActionMask = 2147483647;
			files = (
				E7BD57B21CFC4DF2008F2D69 /* LTZLocalizationManager.m in Sources */,
				E7E8A36D1CFC4AEB002A381A /* ViewController.m in Sources */,
				E7E8A36A1CFC4AEB002A381A /* AppDelegate.m in Sources */,
				E7E8A3671CFC4AEB002A381A /* main.m in Sources */,
				E7BD57BB1CFD7D64008F2D69 /* NSObject+localization.m in Sources */,
				E7E8A3731CFC4AEB002A381A /* LTZLocalizationKitDemo.xcdatamodeld in Sources */,
			);
			runOnlyForDeploymentPostprocessing = 0;
		};
/* End PBXSourcesBuildPhase section */

/* Begin PBXVariantGroup section */
		E7E8A36E1CFC4AEB002A381A /* Main.storyboard */ = {
			isa = PBXVariantGroup;
			children = (
				E7E8A36F1CFC4AEB002A381A /* Base */,
				E7BD57B31CFC5310008F2D69 /* zh-Hans */,
				E7BD57B51CFC5317008F2D69 /* zh-Hant */,
				E7BD57B81CFC60CB008F2D69 /* en */,
			);
			name = Main.storyboard;
			sourceTree = "<group>";
		};
		E7E8A3761CFC4AEB002A381A /* LaunchScreen.storyboard */ = {
			isa = PBXVariantGroup;
			children = (
				E7E8A3771CFC4AEB002A381A /* Base */,
				E7BD57B41CFC5310008F2D69 /* zh-Hans */,
				E7BD57B61CFC5317008F2D69 /* zh-Hant */,
			);
			name = LaunchScreen.storyboard;
			sourceTree = "<group>";
		};
/* End PBXVariantGroup section */

/* Begin XCBuildConfiguration section */
		E7E8A37A1CFC4AEB002A381A /* Debug */ = {
			isa = XCBuildConfiguration;
			buildSettings = {
				ALWAYS_SEARCH_USER_PATHS = NO;
				CLANG_ANALYZER_NONNULL = YES;
				CLANG_CXX_LANGUAGE_STANDARD = "gnu++0x";
				CLANG_CXX_LIBRARY = "libc++";
				CLANG_ENABLE_MODULES = YES;
				CLANG_ENABLE_OBJC_ARC = YES;
				CLANG_WARN_BOOL_CONVERSION = YES;
				CLANG_WARN_CONSTANT_CONVERSION = YES;
				CLANG_WARN_DIRECT_OBJC_ISA_USAGE = YES_ERROR;
				CLANG_WARN_EMPTY_BODY = YES;
				CLANG_WARN_ENUM_CONVERSION = YES;
				CLANG_WARN_INT_CONVERSION = YES;
				CLANG_WARN_OBJC_ROOT_CLASS = YES_ERROR;
				CLANG_WARN_UNREACHABLE_CODE = YES;
				CLANG_WARN__DUPLICATE_METHOD_MATCH = YES;
				"CODE_SIGN_IDENTITY[sdk=iphoneos*]" = "iPhone Developer";
				COPY_PHASE_STRIP = NO;
				DEBUG_INFORMATION_FORMAT = dwarf;
				ENABLE_STRICT_OBJC_MSGSEND = YES;
				ENABLE_TESTABILITY = YES;
				GCC_C_LANGUAGE_STANDARD = gnu99;
				GCC_DYNAMIC_NO_PIC = NO;
				GCC_NO_COMMON_BLOCKS = YES;
				GCC_OPTIMIZATION_LEVEL = 0;
				GCC_PREPROCESSOR_DEFINITIONS = (
					"DEBUG=1",
					"$(inherited)",
				);
				GCC_WARN_64_TO_32_BIT_CONVERSION = YES;
				GCC_WARN_ABOUT_RETURN_TYPE = YES_ERROR;
				GCC_WARN_UNDECLARED_SELECTOR = YES;
				GCC_WARN_UNINITIALIZED_AUTOS = YES_AGGRESSIVE;
				GCC_WARN_UNUSED_FUNCTION = YES;
				GCC_WARN_UNUSED_VARIABLE = YES;
				IPHONEOS_DEPLOYMENT_TARGET = 7.0;
				MTL_ENABLE_DEBUG_INFO = YES;
				ONLY_ACTIVE_ARCH = YES;
				SDKROOT = iphoneos;
			};
			name = Debug;
		};
		E7E8A37B1CFC4AEB002A381A /* Release */ = {
			isa = XCBuildConfiguration;
			buildSettings = {
				ALWAYS_SEARCH_USER_PATHS = NO;
				CLANG_ANALYZER_NONNULL = YES;
				CLANG_CXX_LANGUAGE_STANDARD = "gnu++0x";
				CLANG_CXX_LIBRARY = "libc++";
				CLANG_ENABLE_MODULES = YES;
				CLANG_ENABLE_OBJC_ARC = YES;
				CLANG_WARN_BOOL_CONVERSION = YES;
				CLANG_WARN_CONSTANT_CONVERSION = YES;
				CLANG_WARN_DIRECT_OBJC_ISA_USAGE = YES_ERROR;
				CLANG_WARN_EMPTY_BODY = YES;
				CLANG_WARN_ENUM_CONVERSION = YES;
				CLANG_WARN_INT_CONVERSION = YES;
				CLANG_WARN_OBJC_ROOT_CLASS = YES_ERROR;
				CLANG_WARN_UNREACHABLE_CODE = YES;
				CLANG_WARN__DUPLICATE_METHOD_MATCH = YES;
				"CODE_SIGN_IDENTITY[sdk=iphoneos*]" = "iPhone Developer";
				COPY_PHASE_STRIP = NO;
				DEBUG_INFORMATION_FORMAT = "dwarf-with-dsym";
				ENABLE_NS_ASSERTIONS = NO;
				ENABLE_STRICT_OBJC_MSGSEND = YES;
				GCC_C_LANGUAGE_STANDARD = gnu99;
				GCC_NO_COMMON_BLOCKS = YES;
				GCC_WARN_64_TO_32_BIT_CONVERSION = YES;
				GCC_WARN_ABOUT_RETURN_TYPE = YES_ERROR;
				GCC_WARN_UNDECLARED_SELECTOR = YES;
				GCC_WARN_UNINITIALIZED_AUTOS = YES_AGGRESSIVE;
				GCC_WARN_UNUSED_FUNCTION = YES;
				GCC_WARN_UNUSED_VARIABLE = YES;
				IPHONEOS_DEPLOYMENT_TARGET = 7.0;
				MTL_ENABLE_DEBUG_INFO = NO;
				SDKROOT = iphoneos;
				VALIDATE_PRODUCT = YES;
			};
			name = Release;
		};
		E7E8A37D1CFC4AEB002A381A /* Debug */ = {
			isa = XCBuildConfiguration;
			buildSettings = {
				ASSETCATALOG_COMPILER_APPICON_NAME = AppIcon;
				INFOPLIST_FILE = LTZLocalizationKitDemo/Info.plist;
				IPHONEOS_DEPLOYMENT_TARGET = 7.0;
				LD_RUNPATH_SEARCH_PATHS = "$(inherited) @executable_path/Frameworks";
				PRODUCT_BUNDLE_IDENTIFIER = com.afusion.LTZLocalizationKitDemo;
				PRODUCT_NAME = "$(TARGET_NAME)";
			};
			name = Debug;
		};
		E7E8A37E1CFC4AEB002A381A /* Release */ = {
			isa = XCBuildConfiguration;
			buildSettings = {
				ASSETCATALOG_COMPILER_APPICON_NAME = AppIcon;
				INFOPLIST_FILE = LTZLocalizationKitDemo/Info.plist;
				IPHONEOS_DEPLOYMENT_TARGET = 7.0;
				LD_RUNPATH_SEARCH_PATHS = "$(inherited) @executable_path/Frameworks";
				PRODUCT_BUNDLE_IDENTIFIER = com.afusion.LTZLocalizationKitDemo;
				PRODUCT_NAME = "$(TARGET_NAME)";
			};
			name = Release;
		};
/* End XCBuildConfiguration section */

/* Begin XCConfigurationList section */
		E7E8A35D1CFC4AEB002A381A /* Build configuration list for PBXProject "LTZLocalizationKitDemo" */ = {
			isa = XCConfigurationList;
			buildConfigurations = (
				E7E8A37A1CFC4AEB002A381A /* Debug */,
				E7E8A37B1CFC4AEB002A381A /* Release */,
			);
			defaultConfigurationIsVisible = 0;
			defaultConfigurationName = Release;
		};
		E7E8A37C1CFC4AEB002A381A /* Build configuration list for PBXNativeTarget "LTZLocalizationKitDemo" */ = {
			isa = XCConfigurationList;
			buildConfigurations = (
				E7E8A37D1CFC4AEB002A381A /* Debug */,
				E7E8A37E1CFC4AEB002A381A /* Release */,
			);
			defaultConfigurationIsVisible = 0;
			defaultConfigurationName = Release;
		};
/* End XCConfigurationList section */

/* Begin XCVersionGroup section */
		E7E8A3711CFC4AEB002A381A /* LTZLocalizationKitDemo.xcdatamodeld */ = {
			isa = XCVersionGroup;
			children = (
				E7E8A3721CFC4AEB002A381A /* LTZLocalizationKitDemo.xcdatamodel */,
			);
			currentVersion = E7E8A3721CFC4AEB002A381A /* LTZLocalizationKitDemo.xcdatamodel */;
			path = LTZLocalizationKitDemo.xcdatamodeld;
			sourceTree = "<group>";
			versionGroupType = wrapper.xcdatamodel;
		};
/* End XCVersionGroup section */
	};
	rootObject = E7E8A35A1CFC4AEB002A381A /* Project object */;
}
